# THIS IS AN AUTOGENERATED FILE. DO NOT EDIT THIS FILE DIRECTLY.
# yarn lockfile v1


xmlhttprequest-ssl@^2.0.0:
  version "2.0.0"
  resolved "https://registry.nlark.com/xmlhttprequest-ssl/download/xmlhttprequest-ssl-2.0.0.tgz#91360c86b914e67f44dce769180027c0da618c67"
  integrity sha1-kTYMhrkU5n9E3OdpGAAnwNphjGc=
